{
  "name": "watchfolder-jet",
  "version": "2.1.62",
  "lockfileVersion": 1,
  "requires": true,
  "dependencies": {
    "any-promise": {
      "version": "1.3.0",
      "resolved": "https://registry.npmjs.org/any-promise/-/any-promise-1.3.0.tgz",
      "integrity": "sha1-q8av7tzqUugJzcA3au0845Y10X8=",
      "dev": true
    },
    "fs-extra": {
      "version": "2.1.2",
      "resolved": "https://registry.npmjs.org/fs-extra/-/fs-extra-2.1.2.tgz",
      "integrity": "sha1-BGxwFjzvmq1GsOSn+kZ/si1x3jU=",
      "dev": true,
      "requires": {
        "graceful-fs": "^4.1.2",
        "jsonfile": "^2.1.0"
      }
    },
    "fs-promise": {
      "version": "2.0.3",
      "resolved": "https://registry.npmjs.org/fs-promise/-/fs-promise-2.0.3.tgz",
      "integrity": "sha1-9k5PhUvPaJqovdy6JokW2z20aFQ=",
      "dev": true,
      "requires": {
        "any-promise": "^1.3.0",
        "fs-extra": "^2.0.0",
        "mz": "^2.6.0",
        "thenify-all": "^1.6.0"
      }
    },
    "graceful-fs": {
      "version": "4.1.11",
      "resolved": "https://registry.npmjs.org/graceful-fs/-/graceful-fs-4.1.11.tgz",
      "integrity": "sha1-Dovf5NHduIVNZOBOp8AOKgJuVlg=",
      "dev": true
    },
    "jsonfile": {
      "version": "2.4.0",
      "resolved": "https://registry.npmjs.org/jsonfile/-/jsonfile-2.4.0.tgz",
      "integrity": "sha1-NzaitCi4e72gzIO1P6PWM6NcKug=",
      "dev": true,
      "requires": {
        "graceful-fs": "^4.1.6"
      }
    },
    "mz": {
      "version": "2.7.0",
      "resolved": "https://registry.npmjs.org/mz/-/mz-2.7.0.tgz",
      "integrity": "sha512-z81GNO7nnYMEhrGh9LeymoE4+Yr0Wn5McHIZMK5cfQCl+NDX08sCZgUc9/6MHni9IWuFLm1Z3HTCXu2z9fN62Q==",
      "dev": true,
      "requires": {
        "any-promise": "^1.0.0",
        "object-assign": "^4.0.1",
        "thenify-all": "^1.0.0"
      }
    },
    "object-assign": {
      "version": "4.1.1",
      "resolved": "https://registry.npmjs.org/object-assign/-/object-assign-4.1.1.tgz",
      "integrity": "sha1-IQmtx5ZYh8/AXLvUQsrIv7s2CGM=",
      "dev": true
    },
    "papaparse": {
      "version": "5.2.0",
      "resolved": "https://registry.npmjs.org/papaparse/-/papaparse-5.2.0.tgz",
      "integrity": "sha512-ylq1wgUSnagU+MKQtNeVqrPhZuMYBvOSL00DHycFTCxownF95gpLAk1HiHdUW77N8yxRq1qHXLdlIPyBSG9NSA=="
    },
    "rereadable-stream": {
      "version": "1.3.26",
      "resolved": "https://registry.npmjs.org/rereadable-stream/-/rereadable-stream-1.3.26.tgz",
      "integrity": "sha512-CJa6SVKYdMcHfmX0bpTSu6DFP67kgwPUeS9Do+rHMW/AeCh/8FV7E9nGvtsLMfUJyYgBUrssTp59yNYeDtqzpw=="
    },
    "scramjet": {
      "version": "4.29.0",
      "resolved": "https://registry.npmjs.org/scramjet/-/scramjet-4.29.0.tgz",
      "integrity": "sha512-PgprtB7jflfGTXy7k4G86yBZU377l90Bl8jxUGGEUC5yjMTmGKJyo+FTBfMNMxxndRN4xqqmsMhdzbAe2VIClw==",
      "requires": {
        "papaparse": "^5.2.0",
        "rereadable-stream": "^1.3.26",
        "scramjet-core": "^4.25.0"
      }
    },
    "scramjet-core": {
      "version": "4.25.0",
      "resolved": "https://registry.npmjs.org/scramjet-core/-/scramjet-core-4.25.0.tgz",
      "integrity": "sha512-Vr/VIuwF4J0iZnGtjVHVz3u3/3mQ9qZdJN+LxvKAkOOOvp42CMG7r9jhkdkQGkhkyxXFGNaM1bIdWmYxK432cQ=="
    },
    "simple-folder-watcher": {
      "version": "0.3.0",
      "resolved": "https://registry.npmjs.org/simple-folder-watcher/-/simple-folder-watcher-0.3.0.tgz",
      "integrity": "sha1-fwd3gzF6bYH2WGtr271TjCuzwwY="
    },
    "thenify": {
      "version": "3.3.0",
      "resolved": "https://registry.npmjs.org/thenify/-/thenify-3.3.0.tgz",
      "integrity": "sha1-5p44obq+lpsBCCB5eLn2K4hgSDk=",
      "dev": true,
      "requires": {
        "any-promise": "^1.0.0"
      }
    },
    "thenify-all": {
      "version": "1.6.0",
      "resolved": "https://registry.npmjs.org/thenify-all/-/thenify-all-1.6.0.tgz",
      "integrity": "sha1-GhkY1ALY/D+Y+/I02wvMjMEOlyY=",
      "dev": true,
      "requires": {
        "thenify": ">= 3.1.0 < 4"
      }
    }
  }
}
